# This file is autogenerated, do not edit; changes may be undone by the next 'dep ensure'.


[[projects]]
  branch = "master"
  name = "github.com/anacrolix/missinggo"
  packages = ["."]
  revision = "ef490447bf2efe3b83e875f2722a2b74e6a8e756"

[[projects]]
  name = "github.com/anacrolix/torrent"
  packages = [
    "bencode",
    "iplist",
    "util"
  ]
  revision = "8d1995c4d4d0c851d8e5e9ca70acafb8fb524a7b"

[[projects]]
  branch = "master"
  name = "github.com/bradfitz/iter"
  packages = ["."]
  revision = "454541ec3da2a73fc34fd049b19ee5777bf19345"

[[projects]]
  name = "github.com/davecgh/go-spew"
  packages = ["spew"]
  revision = "346938d642f2ec3594ed81d874461961cd0faa76"
  version = "v1.1.0"

[[projects]]
  branch = "master"
  name = "github.com/edsrzf/mmap-go"
  packages = ["."]
  revision = "0bce6a6887123b67a60366d2c9fe2dfb74289d2e"

[[projects]]
  name = "github.com/huandu/xstrings"
  packages = ["."]
  revision = "2bf18b218c51864a87384c06996e40ff9dcff8e1"
  version = "v1.0.0"

[[projects]]
  branch = "master"
  name = "github.com/mh-cbon/dht"
  packages = [
    "bootstrap",
    "bucket",
    "crypto",
    "dht",
    "ed25519",
    "ed25519/internaledwards25519",
    "kmsg",
    "logger",
    "rpc",
    "security",
    "socket",
    "stats",
    "token"
  ]
  revision = "e5411a16f0a469b4d61472c57434a8a78a0a8123"

[[projects]]
  name = "github.com/pmezard/go-difflib"
  packages = ["difflib"]
  revision = "792786c7400a136282c1664665ae0a8db921c6c2"
  version = "v1.0.0"

[[projects]]
  name = "github.com/stretchr/testify"
  packages = ["assert"]
  revision = "12b6f73e6084dad08a7c6e575284b177ecafbc71"
  version = "v1.2.1"

[[projects]]
  branch = "master"
  name = "github.com/tylertreat/BoomFilters"
  packages = ["."]
  revision = "73a098af107a204e5f94e30d0e042c884cb06d26"

[[projects]]
  branch = "master"
  name = "golang.org/x/crypto"
  packages = [
    "ed25519",
    "ed25519/internal/edwards25519"
  ]
  revision = "d6449816ce06963d9d136eee5a56fca5b0616e7e"

[solve-meta]
  analyzer-name = "dep"
  analyzer-version = 1
  inputs-digest = "a31d6a2bb617613f34d1550cdf18db19b13ab057dddc81f6c91c033620e44be5"
  solver-name = "gps-cdcl"
  solver-version = 1
